<?xml version="1.0" encoding="utf-8"?>
<Project ToolsVersion="4.0" xmlns="http://schemas.microsoft.com/developer/msbuild/2003">
  <ItemGroup>
    <Filter Include="Shaders">
      <UniqueIdentifier>{f77b2fbe-192e-4648-89ea-6583b0f8a31f}</UniqueIdentifier>
    </Filter>
  </ItemGroup>
  <ItemGroup>
    <ClCompile Include="Utils.ixx" />
    <ClCompile Include="GPU.DynamicBuffer.ixx" />
    <ClCompile Include="GPU.ConstantBuffer.ixx" />
    <ClCompile Include="DeusEx.Renderer.ComplexSurface.ixx" />
    <ClCompile Include="GPU.DeviceState.ixx" />
    <ClCompile Include="GlobalShaderConstants.ixx" />
    <ClCompile Include="DeusEx.Renderer.Gouraud.ixx" />
    <ClCompile Include="DeusEx.OcclusionMapCache.ixx" />
    <ClCompile Include="GPU.RenDevBackend.ixx" />
    <ClCompile Include="GPU.ShaderCompiler.ixx" />
    <ClCompile Include="DeusEx.TextureCache.ixx" />
    <ClCompile Include="DeusEx.TextureConverter.ixx" />
    <ClCompile Include="DeusEx.Renderer.Tile.ixx" />
    <ClCompile Include="DeusEx.Drv.ixx" />
    <ClCompile Include="GPU.RenderTexture.ixx" />
  </ItemGroup>
  <ItemGroup>
    <FxCompile Include="Gouraud.hlsl">
      <Filter>Shaders</Filter>
    </FxCompile>
    <FxCompile Include="Tile.hlsl">
      <Filter>Shaders</Filter>
    </FxCompile>
    <FxCompile Include="ComplexSurface.hlsl">
      <Filter>Shaders</Filter>
    </FxCompile>
    <FxCompile Include="WaterSurface.hlsl">
      <Filter>Shaders</Filter>
    </FxCompile>
  </ItemGroup>
  <ItemGroup>
    <None Include="Common.hlsli">
      <Filter>Shaders</Filter>
    </None>
    <None Include="Defines.hlsli">
      <Filter>Shaders</Filter>
    </None>
    <None Include="packages.config" />
    <None Include="settings.json" />
    <None Include="CommonSurface.hlsli">
      <Filter>Shaders</Filter>
    </None>
  </ItemGroup>
</Project>